
Microsoft Visual Studio Solution File, Format Version 12.00
# Visual Studio Version 16
VisualStudioVersion = 16.0.29230.47
MinimumVisualStudioVersion = 10.0.40219.1
Project("{FAE04EC0-301F-11D3-BF4B-00C04F79EFBC}") = "CRM_PLUG_MULTI_PLUGIN_SHARED_VARIABLE", "CRM_PLUG_MULTI_PLUGIN_SHARED_VARIABLE\CRM_PLUG_MULTI_PLUGIN_SHARED_VARIABLE.csproj", "{B85A3DA2-EE8A-41EB-AEC2-E0FA6583F65C}"
EndProject
Global
	GlobalSection(SolutionConfigurationPlatforms) = preSolution
		Debug|Any CPU = Debug|Any CPU
		Release|Any CPU = Release|Any CPU
	EndGlobalSection
	GlobalSection(ProjectConfigurationPlatforms) = postSolution
		{B85A3DA2-EE8A-41EB-AEC2-E0FA6583F65C}.Debug|Any CPU.ActiveCfg = Debug|Any CPU
		{B85A3DA2-EE8A-41EB-AEC2-E0FA6583F65C}.Debug|Any CPU.Build.0 = Debug|Any CPU
		{B85A3DA2-EE8A-41EB-AEC2-E0FA6583F65C}.Release|Any CPU.ActiveCfg = Release|Any CPU
		{B85A3DA2-EE8A-41EB-AEC2-E0FA6583F65C}.Release|Any CPU.Build.0 = Release|Any CPU
	EndGlobalSection
	GlobalSection(SolutionProperties) = preSolution
		HideSolutionNode = FALSE
	EndGlobalSection
	GlobalSection(ExtensibilityGlobals) = postSolution
		SolutionGuid = {259B4F4A-CEF7-450A-9924-4F59AA613F75}
	EndGlobalSection
EndGlobal
