
Microsoft Visual Studio Solution File, Format Version 12.00
# Visual Studio Version 16
VisualStudioVersion = 16.0.29230.47
MinimumVisualStudioVersion = 10.0.40219.1
Project("{FAE04EC0-301F-11D3-BF4B-00C04F79EFBC}") = "Salary_Cal", "Salary_Cal\Salary_Cal.csproj", "{C86FA84B-5446-45DC-A14D-7829009F8D8C}"
EndProject
Global
	GlobalSection(SolutionConfigurationPlatforms) = preSolution
		Debug|Any CPU = Debug|Any CPU
		Release|Any CPU = Release|Any CPU
	EndGlobalSection
	GlobalSection(ProjectConfigurationPlatforms) = postSolution
		{C86FA84B-5446-45DC-A14D-7829009F8D8C}.Debug|Any CPU.ActiveCfg = Debug|Any CPU
		{C86FA84B-5446-45DC-A14D-7829009F8D8C}.Debug|Any CPU.Build.0 = Debug|Any CPU
		{C86FA84B-5446-45DC-A14D-7829009F8D8C}.Release|Any CPU.ActiveCfg = Release|Any CPU
		{C86FA84B-5446-45DC-A14D-7829009F8D8C}.Release|Any CPU.Build.0 = Release|Any CPU
	EndGlobalSection
	GlobalSection(SolutionProperties) = preSolution
		HideSolutionNode = FALSE
	EndGlobalSection
	GlobalSection(ExtensibilityGlobals) = postSolution
		SolutionGuid = {ADCA1EA9-87DC-4D13-8AB1-7A28E802B5D8}
	EndGlobalSection
EndGlobal
